Microsoft Visual Studio Solution File, Format Version 11.00
# Visual Studio 2008

Project("{C4853E0E-A60F-6B67-028D-FC99518A425D}") = "pasijans", "Assembly-CSharp.csproj", "{54E0FFAE-EF2A-EB04-640F-165B7DD9DA3B}"
EndProject
Global
	GlobalSection(SolutionConfigurationPlatforms) = preSolution
		Debug|Any CPU = Debug|Any CPU
		Release|Any CPU = Release|Any CPU
	EndGlobalSection
	GlobalSection(ProjectConfigurationPlatforms) = postSolution
		{54E0FFAE-EF2A-EB04-640F-165B7DD9DA3B}.Debug|Any CPU.ActiveCfg = Debug|Any CPU
		{54E0FFAE-EF2A-EB04-640F-165B7DD9DA3B}.Debug|Any CPU.Build.0 = Debug|Any CPU
		{54E0FFAE-EF2A-EB04-640F-165B7DD9DA3B}.Release|Any CPU.ActiveCfg = Release|Any CPU
		{54E0FFAE-EF2A-EB04-640F-165B7DD9DA3B}.Release|Any CPU.Build.0 = Release|Any CPU
	EndGlobalSection
	GlobalSection(SolutionProperties) = preSolution
		HideSolutionNode = FALSE
	EndGlobalSection
	GlobalSection(MonoDevelopProperties) = preSolution
		StartupItem = Assembly-CSharp.csproj
	EndGlobalSection
EndGlobal
